
Microsoft Visual Studio Solution File, Format Version 12.00
# Visual Studio Version 17
VisualStudioVersion = 17.0.31903.59
MinimumVisualStudioVersion = 10.0.40219.1
Project("{FAE04EC0-301F-11D3-BF4B-00C04F79EFBC}") = "API", "API\API.csproj", "{BFA82E72-6425-47A0-99C4-A8B54331CCD9}"
EndProject
Global
	GlobalSection(SolutionConfigurationPlatforms) = preSolution
		Debug|Any CPU = Debug|Any CPU
		Release|Any CPU = Release|Any CPU
	EndGlobalSection
	GlobalSection(SolutionProperties) = preSolution
		HideSolutionNode = FALSE
	EndGlobalSection
	GlobalSection(ProjectConfigurationPlatforms) = postSolution
		{BFA82E72-6425-47A0-99C4-A8B54331CCD9}.Debug|Any CPU.ActiveCfg = Debug|Any CPU
		{BFA82E72-6425-47A0-99C4-A8B54331CCD9}.Debug|Any CPU.Build.0 = Debug|Any CPU
		{BFA82E72-6425-47A0-99C4-A8B54331CCD9}.Release|Any CPU.ActiveCfg = Release|Any CPU
		{BFA82E72-6425-47A0-99C4-A8B54331CCD9}.Release|Any CPU.Build.0 = Release|Any CPU
	EndGlobalSection
EndGlobal
